
Microsoft Visual Studio Solution File, Format Version 12.00
# Visual Studio 15
VisualStudioVersion = 15.0.26430.16
MinimumVisualStudioVersion = 10.0.40219.1
Project("{2150E333-8FDC-42A3-9474-1A3956D46DE8}") = "Business", "Business", "{A9AD3733-D251-4E28-AFC3-F6D0A73CC47F}"
EndProject
Project("{FAE04EC0-301F-11D3-BF4B-00C04F79EFBC}") = "CarRental.Business.Entities", "CarRental\CarRental.Business.Entities\CarRental.Business.Entities.csproj", "{20840998-DF3C-4F67-93E8-55939FCB6449}"
EndProject
Project("{2150E333-8FDC-42A3-9474-1A3956D46DE8}") = "Client", "Client", "{7B9F4D6C-087B-4FDD-B60D-786375D71C22}"
EndProject
Project("{FAE04EC0-301F-11D3-BF4B-00C04F79EFBC}") = "CarRental.Client.Entities", "CarRental\CarRental.Client.Entities\CarRental.Client.Entities.csproj", "{8427C0B4-F7B5-4624-8313-EE7D922FF313}"
EndProject
Project("{2150E333-8FDC-42A3-9474-1A3956D46DE8}") = "Core", "Core", "{46F6CFBD-3E29-4651-9FC5-D8E791D4903B}"
EndProject
Project("{2150E333-8FDC-42A3-9474-1A3956D46DE8}") = "Tests", "Tests", "{22136733-C801-4F9D-BD1E-CE419081E314}"
EndProject
Project("{FAE04EC0-301F-11D3-BF4B-00C04F79EFBC}") = "Core.Common", "Core\Core.Common\Core.Common.csproj", "{C098C8FA-5F34-4678-9F9A-F1520F735003}"
EndProject
Project("{FAE04EC0-301F-11D3-BF4B-00C04F79EFBC}") = "Core.Common.Contracts", "Core\Core.Common.Contracts\Core.Common.Contracts.csproj", "{B226FBE6-6D5F-40B9-9247-2557486206A7}"
EndProject
Project("{FAE04EC0-301F-11D3-BF4B-00C04F79EFBC}") = "Core.Common.Tests", "Core\Core.Common.Tests\Core.Common.Tests.csproj", "{7BDC5D73-27B7-4A1F-A5C7-1D2C2A1805D3}"
EndProject
Project("{2150E333-8FDC-42A3-9474-1A3956D46DE8}") = "Data Access", "Data Access", "{64550146-5C45-4465-BE94-B9F029830A85}"
EndProject
Project("{FAE04EC0-301F-11D3-BF4B-00C04F79EFBC}") = "CarRental.Data", "CarRental\CarRental.Data\CarRental.Data.csproj", "{580D645B-83E6-4CE4-BFC9-C57F73AB11B1}"
EndProject
Project("{FAE04EC0-301F-11D3-BF4B-00C04F79EFBC}") = "CarRental.Data.Contracts", "CarRental\CarRental.Data.Contracts\CarRental.Data.Contracts.csproj", "{13773543-4511-48BE-8373-75540100C92E}"
EndProject
Project("{FAE04EC0-301F-11D3-BF4B-00C04F79EFBC}") = "CarRental.Business.Bootstrapper", "CarRental\CarRental.Business.Bootstrapper\CarRental.Business.Bootstrapper.csproj", "{9CDB2749-8FDF-47FC-8C1E-A7CC8ABB1455}"
EndProject
Project("{FAE04EC0-301F-11D3-BF4B-00C04F79EFBC}") = "CarRental.Data.Tests", "CarRental\CarRental.Data.Tests\CarRental.Data.Tests.csproj", "{44EE2D93-8475-47FA-9449-893790E862F2}"
EndProject
Project("{FAE04EC0-301F-11D3-BF4B-00C04F79EFBC}") = "CarRental.Business.Contracts", "CarRental\CarRental.Business.Contracts\CarRental.Business.Contracts.csproj", "{499A95CD-086E-46E1-8184-6569A4D1E098}"
EndProject
Project("{FAE04EC0-301F-11D3-BF4B-00C04F79EFBC}") = "CarRental.Business.Managers", "CarRental\CarRental.Business.Managers\CarRental.Business.Managers.csproj", "{9F1AC0B6-1D88-4A89-9EF3-0863A9761DF3}"
EndProject
Project("{FAE04EC0-301F-11D3-BF4B-00C04F79EFBC}") = "CarRental.Business", "CarRental\CarRental.Business\CarRental.Business.csproj", "{D92AB4D1-61CD-4CE1-8D39-01277F8B01A3}"
EndProject
Project("{FAE04EC0-301F-11D3-BF4B-00C04F79EFBC}") = "CarRental.Business.Common", "CarRental\CarRental.Business.Common\CarRental.Business.Common.csproj", "{C163732F-C9F0-4FC6-ADA6-CF8FE4245A49}"
EndProject
Global
	GlobalSection(SolutionConfigurationPlatforms) = preSolution
		Debug|Any CPU = Debug|Any CPU
		Release|Any CPU = Release|Any CPU
	EndGlobalSection
	GlobalSection(ProjectConfigurationPlatforms) = postSolution
		{20840998-DF3C-4F67-93E8-55939FCB6449}.Debug|Any CPU.ActiveCfg = Debug|Any CPU
		{20840998-DF3C-4F67-93E8-55939FCB6449}.Debug|Any CPU.Build.0 = Debug|Any CPU
		{20840998-DF3C-4F67-93E8-55939FCB6449}.Release|Any CPU.ActiveCfg = Release|Any CPU
		{20840998-DF3C-4F67-93E8-55939FCB6449}.Release|Any CPU.Build.0 = Release|Any CPU
		{8427C0B4-F7B5-4624-8313-EE7D922FF313}.Debug|Any CPU.ActiveCfg = Debug|Any CPU
		{8427C0B4-F7B5-4624-8313-EE7D922FF313}.Debug|Any CPU.Build.0 = Debug|Any CPU
		{8427C0B4-F7B5-4624-8313-EE7D922FF313}.Release|Any CPU.ActiveCfg = Release|Any CPU
		{8427C0B4-F7B5-4624-8313-EE7D922FF313}.Release|Any CPU.Build.0 = Release|Any CPU
		{C098C8FA-5F34-4678-9F9A-F1520F735003}.Debug|Any CPU.ActiveCfg = Debug|Any CPU
		{C098C8FA-5F34-4678-9F9A-F1520F735003}.Debug|Any CPU.Build.0 = Debug|Any CPU
		{C098C8FA-5F34-4678-9F9A-F1520F735003}.Release|Any CPU.ActiveCfg = Release|Any CPU
		{C098C8FA-5F34-4678-9F9A-F1520F735003}.Release|Any CPU.Build.0 = Release|Any CPU
		{B226FBE6-6D5F-40B9-9247-2557486206A7}.Debug|Any CPU.ActiveCfg = Debug|Any CPU
		{B226FBE6-6D5F-40B9-9247-2557486206A7}.Debug|Any CPU.Build.0 = Debug|Any CPU
		{B226FBE6-6D5F-40B9-9247-2557486206A7}.Release|Any CPU.ActiveCfg = Release|Any CPU
		{B226FBE6-6D5F-40B9-9247-2557486206A7}.Release|Any CPU.Build.0 = Release|Any CPU
		{7BDC5D73-27B7-4A1F-A5C7-1D2C2A1805D3}.Debug|Any CPU.ActiveCfg = Debug|Any CPU
		{7BDC5D73-27B7-4A1F-A5C7-1D2C2A1805D3}.Debug|Any CPU.Build.0 = Debug|Any CPU
		{7BDC5D73-27B7-4A1F-A5C7-1D2C2A1805D3}.Release|Any CPU.ActiveCfg = Release|Any CPU
		{7BDC5D73-27B7-4A1F-A5C7-1D2C2A1805D3}.Release|Any CPU.Build.0 = Release|Any CPU
		{580D645B-83E6-4CE4-BFC9-C57F73AB11B1}.Debug|Any CPU.ActiveCfg = Debug|Any CPU
		{580D645B-83E6-4CE4-BFC9-C57F73AB11B1}.Debug|Any CPU.Build.0 = Debug|Any CPU
		{580D645B-83E6-4CE4-BFC9-C57F73AB11B1}.Release|Any CPU.ActiveCfg = Release|Any CPU
		{580D645B-83E6-4CE4-BFC9-C57F73AB11B1}.Release|Any CPU.Build.0 = Release|Any CPU
		{13773543-4511-48BE-8373-75540100C92E}.Debug|Any CPU.ActiveCfg = Debug|Any CPU
		{13773543-4511-48BE-8373-75540100C92E}.Debug|Any CPU.Build.0 = Debug|Any CPU
		{13773543-4511-48BE-8373-75540100C92E}.Release|Any CPU.ActiveCfg = Release|Any CPU
		{13773543-4511-48BE-8373-75540100C92E}.Release|Any CPU.Build.0 = Release|Any CPU
		{9CDB2749-8FDF-47FC-8C1E-A7CC8ABB1455}.Debug|Any CPU.ActiveCfg = Debug|Any CPU
		{9CDB2749-8FDF-47FC-8C1E-A7CC8ABB1455}.Debug|Any CPU.Build.0 = Debug|Any CPU
		{9CDB2749-8FDF-47FC-8C1E-A7CC8ABB1455}.Release|Any CPU.ActiveCfg = Release|Any CPU
		{9CDB2749-8FDF-47FC-8C1E-A7CC8ABB1455}.Release|Any CPU.Build.0 = Release|Any CPU
		{44EE2D93-8475-47FA-9449-893790E862F2}.Debug|Any CPU.ActiveCfg = Debug|Any CPU
		{44EE2D93-8475-47FA-9449-893790E862F2}.Debug|Any CPU.Build.0 = Debug|Any CPU
		{44EE2D93-8475-47FA-9449-893790E862F2}.Release|Any CPU.ActiveCfg = Release|Any CPU
		{44EE2D93-8475-47FA-9449-893790E862F2}.Release|Any CPU.Build.0 = Release|Any CPU
		{499A95CD-086E-46E1-8184-6569A4D1E098}.Debug|Any CPU.ActiveCfg = Debug|Any CPU
		{499A95CD-086E-46E1-8184-6569A4D1E098}.Debug|Any CPU.Build.0 = Debug|Any CPU
		{499A95CD-086E-46E1-8184-6569A4D1E098}.Release|Any CPU.ActiveCfg = Release|Any CPU
		{499A95CD-086E-46E1-8184-6569A4D1E098}.Release|Any CPU.Build.0 = Release|Any CPU
		{9F1AC0B6-1D88-4A89-9EF3-0863A9761DF3}.Debug|Any CPU.ActiveCfg = Debug|Any CPU
		{9F1AC0B6-1D88-4A89-9EF3-0863A9761DF3}.Debug|Any CPU.Build.0 = Debug|Any CPU
		{9F1AC0B6-1D88-4A89-9EF3-0863A9761DF3}.Release|Any CPU.ActiveCfg = Release|Any CPU
		{9F1AC0B6-1D88-4A89-9EF3-0863A9761DF3}.Release|Any CPU.Build.0 = Release|Any CPU
		{D92AB4D1-61CD-4CE1-8D39-01277F8B01A3}.Debug|Any CPU.ActiveCfg = Debug|Any CPU
		{D92AB4D1-61CD-4CE1-8D39-01277F8B01A3}.Debug|Any CPU.Build.0 = Debug|Any CPU
		{D92AB4D1-61CD-4CE1-8D39-01277F8B01A3}.Release|Any CPU.ActiveCfg = Release|Any CPU
		{D92AB4D1-61CD-4CE1-8D39-01277F8B01A3}.Release|Any CPU.Build.0 = Release|Any CPU
		{C163732F-C9F0-4FC6-ADA6-CF8FE4245A49}.Debug|Any CPU.ActiveCfg = Debug|Any CPU
		{C163732F-C9F0-4FC6-ADA6-CF8FE4245A49}.Debug|Any CPU.Build.0 = Debug|Any CPU
		{C163732F-C9F0-4FC6-ADA6-CF8FE4245A49}.Release|Any CPU.ActiveCfg = Release|Any CPU
		{C163732F-C9F0-4FC6-ADA6-CF8FE4245A49}.Release|Any CPU.Build.0 = Release|Any CPU
	EndGlobalSection
	GlobalSection(SolutionProperties) = preSolution
		HideSolutionNode = FALSE
	EndGlobalSection
	GlobalSection(NestedProjects) = preSolution
		{20840998-DF3C-4F67-93E8-55939FCB6449} = {A9AD3733-D251-4E28-AFC3-F6D0A73CC47F}
		{8427C0B4-F7B5-4624-8313-EE7D922FF313} = {7B9F4D6C-087B-4FDD-B60D-786375D71C22}
		{C098C8FA-5F34-4678-9F9A-F1520F735003} = {46F6CFBD-3E29-4651-9FC5-D8E791D4903B}
		{B226FBE6-6D5F-40B9-9247-2557486206A7} = {46F6CFBD-3E29-4651-9FC5-D8E791D4903B}
		{7BDC5D73-27B7-4A1F-A5C7-1D2C2A1805D3} = {22136733-C801-4F9D-BD1E-CE419081E314}
		{580D645B-83E6-4CE4-BFC9-C57F73AB11B1} = {64550146-5C45-4465-BE94-B9F029830A85}
		{13773543-4511-48BE-8373-75540100C92E} = {64550146-5C45-4465-BE94-B9F029830A85}
		{9CDB2749-8FDF-47FC-8C1E-A7CC8ABB1455} = {A9AD3733-D251-4E28-AFC3-F6D0A73CC47F}
		{44EE2D93-8475-47FA-9449-893790E862F2} = {22136733-C801-4F9D-BD1E-CE419081E314}
		{499A95CD-086E-46E1-8184-6569A4D1E098} = {A9AD3733-D251-4E28-AFC3-F6D0A73CC47F}
		{9F1AC0B6-1D88-4A89-9EF3-0863A9761DF3} = {A9AD3733-D251-4E28-AFC3-F6D0A73CC47F}
		{D92AB4D1-61CD-4CE1-8D39-01277F8B01A3} = {A9AD3733-D251-4E28-AFC3-F6D0A73CC47F}
		{C163732F-C9F0-4FC6-ADA6-CF8FE4245A49} = {A9AD3733-D251-4E28-AFC3-F6D0A73CC47F}
	EndGlobalSection
EndGlobal
